PODS:
  - Alamofire (4.9.0)
  - HandyJSON (5.0.0)
  - Kingfisher (5.7.1)
  - Moya (13.0.1):
    - Moya/Core (= 13.0.1)
  - Moya/Core (13.0.1):
    - Alamofire (~> 4.1)
    - Result (~> 4.1)
  - ObjectMapper (3.5.1)
  - RAMAnimatedTabBarController (5.0.1)
  - Result (4.1.0)
  - SnapKit (5.0.1)
  - SwiftyJSON (5.0.1)

DEPENDENCIES:
  - HandyJSON
  - Kingfisher
  - Moya
  - ObjectMapper
  - RAMAnimatedTabBarController
  - SnapKit
  - SwiftyJSON

SPEC REPOS:
  https://github.com/CocoaPods/Specs.git:
    - Alamofire
    - HandyJSON
    - Kingfisher
    - Moya
    - ObjectMapper
    - RAMAnimatedTabBarController
    - Result
    - SnapKit
  trunk:
    - SwiftyJSON

SPEC CHECKSUMS:
  Alamofire: afc3e7c6db61476cb45cdd23fed06bad03bbc321
  HandyJSON: 992f2d661716d6a91de82d0056927bc7813b5770
  Kingfisher: 176d377ad339113c99ad4980cbae687f807e20fe
  Moya: f4a4b80ff2f8a4ffc208dfb31cd91636622fee6e
  ObjectMapper: 70187b8941977c62ccfb423caf6b50be405cabf0
  RAMAnimatedTabBarController: ec36fba2fa4679fd36db55098e3477fe9bd79f52
  Result: bd966fac789cc6c1563440b348ab2598cc24d5c7
  SnapKit: 97b92857e3df3a0c71833cce143274bf6ef8e5eb
  SwiftyJSON: 2f33a42c6fbc52764d96f13368585094bfd8aa5e

PODFILE CHECKSUM: 461a7d4a64025f6f870d23bb4141b50f4a98c16b

COCOAPODS: 1.10.2
