// !$*UTF8*$!
{
	archiveVersion = 1;
	classes = {
	};
	objectVersion = 51;
	objects = {

/* Begin PBXBuildFile section */
		0AE5AA5EC2AED11F90F935BB /* Pods_TestTwo.framework in Frameworks */ = {isa = PBXBuildFile; fileRef = FF1DD19EDAE84B0AB3AB93CF /* Pods_TestTwo.framework */; };
		8899E36A26DC809700CB0168 /* BaseTabbarViewController.swift in Sources */ = {isa = PBXBuildFile; fileRef = 8899E36926DC809700CB0168 /* BaseTabbarViewController.swift */; };
		8899E36C26DC83BD00CB0168 /* BaseNavigationViewController.swift in Sources */ = {isa = PBXBuildFile; fileRef = 8899E36B26DC83BD00CB0168 /* BaseNavigationViewController.swift */; };
		8899E36E26DC83DC00CB0168 /* BasePageViewController.swift in Sources */ = {isa = PBXBuildFile; fileRef = 8899E36D26DC83DC00CB0168 /* BasePageViewController.swift */; };
		8899E37026DC859F00CB0168 /* OrdersStatusViewController.swift in Sources */ = {isa = PBXBuildFile; fileRef = 8899E36F26DC859F00CB0168 /* OrdersStatusViewController.swift */; };
		8899E37226DC95CA00CB0168 /* BaseViewController.swift in Sources */ = {isa = PBXBuildFile; fileRef = 8899E37126DC95CA00CB0168 /* BaseViewController.swift */; };
		8899E37626DCB18D00CB0168 /* NetworkManager.swift in Sources */ = {isa = PBXBuildFile; fileRef = 8899E37526DCB18D00CB0168 /* NetworkManager.swift */; };
		8899E37A26DCB1B600CB0168 /* APIProvider.swift in Sources */ = {isa = PBXBuildFile; fileRef = 8899E37926DCB1B600CB0168 /* APIProvider.swift */; };
		8899E37E26DDCA6100CB0168 /* YSBAPIProvider.swift in Sources */ = {isa = PBXBuildFile; fileRef = 8899E37D26DDCA6100CB0168 /* YSBAPIProvider.swift */; };
		88A80D3726E5EA5F00942AC8 /* NetworkConstConfig.swift in Sources */ = {isa = PBXBuildFile; fileRef = 88A80D3626E5EA5F00942AC8 /* NetworkConstConfig.swift */; };
		88A80D3A26E5F4C700942AC8 /* LoginViewController.swift in Sources */ = {isa = PBXBuildFile; fileRef = 88A80D3926E5F4C700942AC8 /* LoginViewController.swift */; };
		9D79CA2C26E4AB4C00E3729C /* PullToRefresh.swift in Sources */ = {isa = PBXBuildFile; fileRef = 9D79CA2326E4AB4A00E3729C /* PullToRefresh.swift */; };
		9D79CA2D26E4AB4C00E3729C /* Footer.swift in Sources */ = {isa = PBXBuildFile; fileRef = 9D79CA2426E4AB4A00E3729C /* Footer.swift */; };
		9D79CA2E26E4AB4C00E3729C /* Availability.swift in Sources */ = {isa = PBXBuildFile; fileRef = 9D79CA2526E4AB4A00E3729C /* Availability.swift */; };
		9D79CA2F26E4AB4C00E3729C /* Header.swift in Sources */ = {isa = PBXBuildFile; fileRef = 9D79CA2626E4AB4A00E3729C /* Header.swift */; };
		9D79CA3026E4AB4C00E3729C /* Right.swift in Sources */ = {isa = PBXBuildFile; fileRef = 9D79CA2726E4AB4A00E3729C /* Right.swift */; };
		9D79CA3126E4AB4C00E3729C /* Utils.swift in Sources */ = {isa = PBXBuildFile; fileRef = 9D79CA2826E4AB4A00E3729C /* Utils.swift */; };
		9D79CA3226E4AB4C00E3729C /* ElasticRefreshHeader.swift in Sources */ = {isa = PBXBuildFile; fileRef = 9D79CA2926E4AB4A00E3729C /* ElasticRefreshHeader.swift */; };
		9D79CA3326E4AB4C00E3729C /* ElasticRefreshControl.swift in Sources */ = {isa = PBXBuildFile; fileRef = 9D79CA2A26E4AB4A00E3729C /* ElasticRefreshControl.swift */; };
		9D79CA3426E4AB4C00E3729C /* Left.swift in Sources */ = {isa = PBXBuildFile; fileRef = 9D79CA2B26E4AB4A00E3729C /* Left.swift */; };
		9D79CA3B26E4C45300E3729C /* UIColor+Hue.swift in Sources */ = {isa = PBXBuildFile; fileRef = 9D79CA3926E4C45300E3729C /* UIColor+Hue.swift */; };
		9D79CA3C26E4C45300E3729C /* UIImage+Hue.swift in Sources */ = {isa = PBXBuildFile; fileRef = 9D79CA3A26E4C45300E3729C /* UIImage+Hue.swift */; };
		9D79CA4026E50B1100E3729C /* HomeViewController.swift in Sources */ = {isa = PBXBuildFile; fileRef = 9D79CA3F26E50B1100E3729C /* HomeViewController.swift */; };
		9D8FAD8426DA691400D4DD87 /* AppDelegate.swift in Sources */ = {isa = PBXBuildFile; fileRef = 9D8FAD8326DA691400D4DD87 /* AppDelegate.swift */; };
		9D8FAD8826DA691400D4DD87 /* ViewController.swift in Sources */ = {isa = PBXBuildFile; fileRef = 9D8FAD8726DA691400D4DD87 /* ViewController.swift */; };
		9D8FAD8D26DA691C00D4DD87 /* Assets.xcassets in Resources */ = {isa = PBXBuildFile; fileRef = 9D8FAD8C26DA691C00D4DD87 /* Assets.xcassets */; };
		9D8FAD9026DA691C00D4DD87 /* LaunchScreen.storyboard in Resources */ = {isa = PBXBuildFile; fileRef = 9D8FAD8E26DA691C00D4DD87 /* LaunchScreen.storyboard */; };
		9D8FAD9B26DA691D00D4DD87 /* TestTwoTests.swift in Sources */ = {isa = PBXBuildFile; fileRef = 9D8FAD9A26DA691D00D4DD87 /* TestTwoTests.swift */; };
		9D8FADA626DA691D00D4DD87 /* TestTwoUITests.swift in Sources */ = {isa = PBXBuildFile; fileRef = 9D8FADA526DA691D00D4DD87 /* TestTwoUITests.swift */; };
		9D8FADBD26DFBC8B00D4DD87 /* BaseJsonToObjectTool.swift in Sources */ = {isa = PBXBuildFile; fileRef = 9D8FADBC26DFBC8B00D4DD87 /* BaseJsonToObjectTool.swift */; };
		9D8FADBF26DFBFEA00D4DD87 /* DataToModelTool.swift in Sources */ = {isa = PBXBuildFile; fileRef = 9D8FADBE26DFBFE900D4DD87 /* DataToModelTool.swift */; };
/* End PBXBuildFile section */

/* Begin PBXContainerItemProxy section */
		9D8FAD9726DA691D00D4DD87 /* PBXContainerItemProxy */ = {
			isa = PBXContainerItemProxy;
			containerPortal = 9D8FAD7826DA691400D4DD87 /* Project object */;
			proxyType = 1;
			remoteGlobalIDString = 9D8FAD7F26DA691400D4DD87;
			remoteInfo = TestTwo;
		};
		9D8FADA226DA691D00D4DD87 /* PBXContainerItemProxy */ = {
			isa = PBXContainerItemProxy;
			containerPortal = 9D8FAD7826DA691400D4DD87 /* Project object */;
			proxyType = 1;
			remoteGlobalIDString = 9D8FAD7F26DA691400D4DD87;
			remoteInfo = TestTwo;
		};
/* End PBXContainerItemProxy section */

/* Begin PBXFileReference section */
		8899E36926DC809700CB0168 /* BaseTabbarViewController.swift */ = {isa = PBXFileReference; lastKnownFileType = sourcecode.swift; path = BaseTabbarViewController.swift; sourceTree = "<group>"; };
		8899E36B26DC83BD00CB0168 /* BaseNavigationViewController.swift */ = {isa = PBXFileReference; lastKnownFileType = sourcecode.swift; path = BaseNavigationViewController.swift; sourceTree = "<group>"; };
		8899E36D26DC83DC00CB0168 /* BasePageViewController.swift */ = {isa = PBXFileReference; lastKnownFileType = sourcecode.swift; path = BasePageViewController.swift; sourceTree = "<group>"; };
		8899E36F26DC859F00CB0168 /* OrdersStatusViewController.swift */ = {isa = PBXFileReference; lastKnownFileType = sourcecode.swift; path = OrdersStatusViewController.swift; sourceTree = "<group>"; };
		8899E37126DC95CA00CB0168 /* BaseViewController.swift */ = {isa = PBXFileReference; lastKnownFileType = sourcecode.swift; path = BaseViewController.swift; sourceTree = "<group>"; };
		8899E37526DCB18D00CB0168 /* NetworkManager.swift */ = {isa = PBXFileReference; lastKnownFileType = sourcecode.swift; path = NetworkManager.swift; sourceTree = "<group>"; };
		8899E37926DCB1B600CB0168 /* APIProvider.swift */ = {isa = PBXFileReference; lastKnownFileType = sourcecode.swift; path = APIProvider.swift; sourceTree = "<group>"; };
		8899E37D26DDCA6100CB0168 /* YSBAPIProvider.swift */ = {isa = PBXFileReference; lastKnownFileType = sourcecode.swift; path = YSBAPIProvider.swift; sourceTree = "<group>"; };
		88A80D3626E5EA5F00942AC8 /* NetworkConstConfig.swift */ = {isa = PBXFileReference; lastKnownFileType = sourcecode.swift; path = NetworkConstConfig.swift; sourceTree = "<group>"; };
		88A80D3926E5F4C700942AC8 /* LoginViewController.swift */ = {isa = PBXFileReference; lastKnownFileType = sourcecode.swift; path = LoginViewController.swift; sourceTree = "<group>"; };
		9D79CA2326E4AB4A00E3729C /* PullToRefresh.swift */ = {isa = PBXFileReference; fileEncoding = 4; lastKnownFileType = sourcecode.swift; path = PullToRefresh.swift; sourceTree = "<group>"; };
		9D79CA2426E4AB4A00E3729C /* Footer.swift */ = {isa = PBXFileReference; fileEncoding = 4; lastKnownFileType = sourcecode.swift; path = Footer.swift; sourceTree = "<group>"; };
		9D79CA2526E4AB4A00E3729C /* Availability.swift */ = {isa = PBXFileReference; fileEncoding = 4; lastKnownFileType = sourcecode.swift; path = Availability.swift; sourceTree = "<group>"; };
		9D79CA2626E4AB4A00E3729C /* Header.swift */ = {isa = PBXFileReference; fileEncoding = 4; lastKnownFileType = sourcecode.swift; path = Header.swift; sourceTree = "<group>"; };
		9D79CA2726E4AB4A00E3729C /* Right.swift */ = {isa = PBXFileReference; fileEncoding = 4; lastKnownFileType = sourcecode.swift; path = Right.swift; sourceTree = "<group>"; };
		9D79CA2826E4AB4A00E3729C /* Utils.swift */ = {isa = PBXFileReference; fileEncoding = 4; lastKnownFileType = sourcecode.swift; path = Utils.swift; sourceTree = "<group>"; };
		9D79CA2926E4AB4A00E3729C /* ElasticRefreshHeader.swift */ = {isa = PBXFileReference; fileEncoding = 4; lastKnownFileType = sourcecode.swift; path = ElasticRefreshHeader.swift; sourceTree = "<group>"; };
		9D79CA2A26E4AB4A00E3729C /* ElasticRefreshControl.swift */ = {isa = PBXFileReference; fileEncoding = 4; lastKnownFileType = sourcecode.swift; path = ElasticRefreshControl.swift; sourceTree = "<group>"; };
		9D79CA2B26E4AB4A00E3729C /* Left.swift */ = {isa = PBXFileReference; fileEncoding = 4; lastKnownFileType = sourcecode.swift; path = Left.swift; sourceTree = "<group>"; };
		9D79CA3926E4C45300E3729C /* UIColor+Hue.swift */ = {isa = PBXFileReference; fileEncoding = 4; lastKnownFileType = sourcecode.swift; path = "UIColor+Hue.swift"; sourceTree = "<group>"; };
		9D79CA3A26E4C45300E3729C /* UIImage+Hue.swift */ = {isa = PBXFileReference; fileEncoding = 4; lastKnownFileType = sourcecode.swift; path = "UIImage+Hue.swift"; sourceTree = "<group>"; };
		9D79CA3F26E50B1100E3729C /* HomeViewController.swift */ = {isa = PBXFileReference; lastKnownFileType = sourcecode.swift; path = HomeViewController.swift; sourceTree = "<group>"; };
		9D8FAD8026DA691400D4DD87 /* TestTwo.app */ = {isa = PBXFileReference; explicitFileType = wrapper.application; includeInIndex = 0; path = TestTwo.app; sourceTree = BUILT_PRODUCTS_DIR; };
		9D8FAD8326DA691400D4DD87 /* AppDelegate.swift */ = {isa = PBXFileReference; lastKnownFileType = sourcecode.swift; path = AppDelegate.swift; sourceTree = "<group>"; };
		9D8FAD8726DA691400D4DD87 /* ViewController.swift */ = {isa = PBXFileReference; lastKnownFileType = sourcecode.swift; path = ViewController.swift; sourceTree = "<group>"; };
		9D8FAD8C26DA691C00D4DD87 /* Assets.xcassets */ = {isa = PBXFileReference; lastKnownFileType = folder.assetcatalog; path = Assets.xcassets; sourceTree = "<group>"; };
		9D8FAD8F26DA691C00D4DD87 /* Base */ = {isa = PBXFileReference; lastKnownFileType = file.storyboard; name = Base; path = Base.lproj/LaunchScreen.storyboard; sourceTree = "<group>"; };
		9D8FAD9126DA691C00D4DD87 /* Info.plist */ = {isa = PBXFileReference; lastKnownFileType = text.plist.xml; path = Info.plist; sourceTree = "<group>"; };
		9D8FAD9626DA691D00D4DD87 /* TestTwoTests.xctest */ = {isa = PBXFileReference; explicitFileType = wrapper.cfbundle; includeInIndex = 0; path = TestTwoTests.xctest; sourceTree = BUILT_PRODUCTS_DIR; };
		9D8FAD9A26DA691D00D4DD87 /* TestTwoTests.swift */ = {isa = PBXFileReference; lastKnownFileType = sourcecode.swift; path = TestTwoTests.swift; sourceTree = "<group>"; };
		9D8FAD9C26DA691D00D4DD87 /* Info.plist */ = {isa = PBXFileReference; lastKnownFileType = text.plist.xml; path = Info.plist; sourceTree = "<group>"; };
		9D8FADA126DA691D00D4DD87 /* TestTwoUITests.xctest */ = {isa = PBXFileReference; explicitFileType = wrapper.cfbundle; includeInIndex = 0; path = TestTwoUITests.xctest; sourceTree = BUILT_PRODUCTS_DIR; };
		9D8FADA526DA691D00D4DD87 /* TestTwoUITests.swift */ = {isa = PBXFileReference; lastKnownFileType = sourcecode.swift; path = TestTwoUITests.swift; sourceTree = "<group>"; };
		9D8FADA726DA691D00D4DD87 /* Info.plist */ = {isa = PBXFileReference; lastKnownFileType = text.plist.xml; path = Info.plist; sourceTree = "<group>"; };
		9D8FADBC26DFBC8B00D4DD87 /* BaseJsonToObjectTool.swift */ = {isa = PBXFileReference; lastKnownFileType = sourcecode.swift; path = BaseJsonToObjectTool.swift; sourceTree = "<group>"; };
		9D8FADBE26DFBFE900D4DD87 /* DataToModelTool.swift */ = {isa = PBXFileReference; lastKnownFileType = sourcecode.swift; path = DataToModelTool.swift; sourceTree = "<group>"; };
		A177F310387809869E043834 /* Pods-TestTwo.debug.xcconfig */ = {isa = PBXFileReference; includeInIndex = 1; lastKnownFileType = text.xcconfig; name = "Pods-TestTwo.debug.xcconfig"; path = "Target Support Files/Pods-TestTwo/Pods-TestTwo.debug.xcconfig"; sourceTree = "<group>"; };
		F88093EB93B1D35ACB9C1AF0 /* Pods-TestTwo.release.xcconfig */ = {isa = PBXFileReference; includeInIndex = 1; lastKnownFileType = text.xcconfig; name = "Pods-TestTwo.release.xcconfig"; path = "Target Support Files/Pods-TestTwo/Pods-TestTwo.release.xcconfig"; sourceTree = "<group>"; };
		FF1DD19EDAE84B0AB3AB93CF /* Pods_TestTwo.framework */ = {isa = PBXFileReference; explicitFileType = wrapper.framework; includeInIndex = 0; path = Pods_TestTwo.framework; sourceTree = BUILT_PRODUCTS_DIR; };
/* End PBXFileReference section */

/* Begin PBXFrameworksBuildPhase section */
		9D8FAD7D26DA691400D4DD87 /* Frameworks */ = {
			isa = PBXFrameworksBuildPhase;
			buildActionMask = 2147483647;
			files = (
				0AE5AA5EC2AED11F90F935BB /* Pods_TestTwo.framework in Frameworks */,
			);
			runOnlyForDeploymentPostprocessing = 0;
		};
		9D8FAD9326DA691D00D4DD87 /* Frameworks */ = {
			isa = PBXFrameworksBuildPhase;
			buildActionMask = 2147483647;
			files = (
			);
			runOnlyForDeploymentPostprocessing = 0;
		};
		9D8FAD9E26DA691D00D4DD87 /* Frameworks */ = {
			isa = PBXFrameworksBuildPhase;
			buildActionMask = 2147483647;
			files = (
			);
			runOnlyForDeploymentPostprocessing = 0;
		};
/* End PBXFrameworksBuildPhase section */

/* Begin PBXGroup section */
		88A80D3826E5F46B00942AC8 /* Login */ = {
			isa = PBXGroup;
			children = (
				88A80D3926E5F4C700942AC8 /* LoginViewController.swift */,
			);
			path = Login;
			sourceTree = "<group>";
		};
		9757230948C9C86067B89E33 /* Pods */ = {
			isa = PBXGroup;
			children = (
				A177F310387809869E043834 /* Pods-TestTwo.debug.xcconfig */,
				F88093EB93B1D35ACB9C1AF0 /* Pods-TestTwo.release.xcconfig */,
			);
			path = Pods;
			sourceTree = "<group>";
		};
		9D79CA1926E3A7A500E3729C /* ModelTools */ = {
			isa = PBXGroup;
			children = (
				9D8FADBC26DFBC8B00D4DD87 /* BaseJsonToObjectTool.swift */,
				9D8FADBE26DFBFE900D4DD87 /* DataToModelTool.swift */,
			);
			path = ModelTools;
			sourceTree = "<group>";
		};
		9D79CA1A26E3BEA500E3729C /* NetworkTools */ = {
			isa = PBXGroup;
			children = (
				8899E37926DCB1B600CB0168 /* APIProvider.swift */,
				8899E37D26DDCA6100CB0168 /* YSBAPIProvider.swift */,
				8899E37526DCB18D00CB0168 /* NetworkManager.swift */,
				88A80D3626E5EA5F00942AC8 /* NetworkConstConfig.swift */,
			);
			path = NetworkTools;
			sourceTree = "<group>";
		};
		9D79CA1B26E3BF0500E3729C /* GlobalAncestors */ = {
			isa = PBXGroup;
			children = (
				8899E36926DC809700CB0168 /* BaseTabbarViewController.swift */,
				8899E36B26DC83BD00CB0168 /* BaseNavigationViewController.swift */,
				8899E36D26DC83DC00CB0168 /* BasePageViewController.swift */,
				8899E37126DC95CA00CB0168 /* BaseViewController.swift */,
			);
			path = GlobalAncestors;
			sourceTree = "<group>";
		};
		9D79CA1C26E3BF2800E3729C /* OrdersRelatedModules */ = {
			isa = PBXGroup;
			children = (
				9D8FAD8726DA691400D4DD87 /* ViewController.swift */,
				8899E36F26DC859F00CB0168 /* OrdersStatusViewController.swift */,
				9D79CA3F26E50B1100E3729C /* HomeViewController.swift */,
			);
			path = OrdersRelatedModules;
			sourceTree = "<group>";
		};
		9D79CA1E26E3C17700E3729C /* SurportingFiles */ = {
			isa = PBXGroup;
			children = (
				9D8FAD9126DA691C00D4DD87 /* Info.plist */,
				9D8FAD8E26DA691C00D4DD87 /* LaunchScreen.storyboard */,
			);
			name = SurportingFiles;
			sourceTree = "<group>";
		};
		9D79CA1F26E3C1E600E3729C /* APPRelatedModules */ = {
			isa = PBXGroup;
			children = (
				88A80D3826E5F46B00942AC8 /* Login */,
				9D79CA1C26E3BF2800E3729C /* OrdersRelatedModules */,
			);
			path = APPRelatedModules;
			sourceTree = "<group>";
		};
		9D79CA2126E4AB4A00E3729C /* GlobalUI */ = {
			isa = PBXGroup;
			children = (
				9D79CA2226E4AB4A00E3729C /* PullToRefreshKit */,
			);
			path = GlobalUI;
			sourceTree = "<group>";
		};
		9D79CA2226E4AB4A00E3729C /* PullToRefreshKit */ = {
			isa = PBXGroup;
			children = (
				9D79CA2326E4AB4A00E3729C /* PullToRefresh.swift */,
				9D79CA2426E4AB4A00E3729C /* Footer.swift */,
				9D79CA2526E4AB4A00E3729C /* Availability.swift */,
				9D79CA2626E4AB4A00E3729C /* Header.swift */,
				9D79CA2726E4AB4A00E3729C /* Right.swift */,
				9D79CA2826E4AB4A00E3729C /* Utils.swift */,
				9D79CA2926E4AB4A00E3729C /* ElasticRefreshHeader.swift */,
				9D79CA2A26E4AB4A00E3729C /* ElasticRefreshControl.swift */,
				9D79CA2B26E4AB4A00E3729C /* Left.swift */,
			);
			path = PullToRefreshKit;
			sourceTree = "<group>";
		};
		9D79CA3D26E5013600E3729C /* Helpers */ = {
			isa = PBXGroup;
			children = (
				9D79CA3E26E5017300E3729C /* ColorHelper */,
			);
			path = Helpers;
			sourceTree = "<group>";
		};
		9D79CA3E26E5017300E3729C /* ColorHelper */ = {
			isa = PBXGroup;
			children = (
				9D79CA3A26E4C45300E3729C /* UIImage+Hue.swift */,
				9D79CA3926E4C45300E3729C /* UIColor+Hue.swift */,
			);
			path = ColorHelper;
			sourceTree = "<group>";
		};
		9D8FAD7726DA691300D4DD87 = {
			isa = PBXGroup;
			children = (
				9D8FAD8226DA691400D4DD87 /* TestTwo */,
				9D8FAD9926DA691D00D4DD87 /* TestTwoTests */,
				9D8FADA426DA691D00D4DD87 /* TestTwoUITests */,
				9D8FAD8126DA691400D4DD87 /* Products */,
				9757230948C9C86067B89E33 /* Pods */,
				A08F3E0C388CF94253A603B8 /* Frameworks */,
			);
			sourceTree = "<group>";
		};
		9D8FAD8126DA691400D4DD87 /* Products */ = {
			isa = PBXGroup;
			children = (
				9D8FAD8026DA691400D4DD87 /* TestTwo.app */,
				9D8FAD9626DA691D00D4DD87 /* TestTwoTests.xctest */,
				9D8FADA126DA691D00D4DD87 /* TestTwoUITests.xctest */,
			);
			name = Products;
			sourceTree = "<group>";
		};
		9D8FAD8226DA691400D4DD87 /* TestTwo */ = {
			isa = PBXGroup;
			children = (
				9D79CA3D26E5013600E3729C /* Helpers */,
				9D79CA2126E4AB4A00E3729C /* GlobalUI */,
				9D8FAD8326DA691400D4DD87 /* AppDelegate.swift */,
				9D79CA1F26E3C1E600E3729C /* APPRelatedModules */,
				9D79CA1B26E3BF0500E3729C /* GlobalAncestors */,
				9D79CA1A26E3BEA500E3729C /* NetworkTools */,
				9D79CA1926E3A7A500E3729C /* ModelTools */,
				9D8FAD8C26DA691C00D4DD87 /* Assets.xcassets */,
				9D79CA1E26E3C17700E3729C /* SurportingFiles */,
			);
			path = TestTwo;
			sourceTree = "<group>";
		};
		9D8FAD9926DA691D00D4DD87 /* TestTwoTests */ = {
			isa = PBXGroup;
			children = (
				9D8FAD9A26DA691D00D4DD87 /* TestTwoTests.swift */,
				9D8FAD9C26DA691D00D4DD87 /* Info.plist */,
			);
			path = TestTwoTests;
			sourceTree = "<group>";
		};
		9D8FADA426DA691D00D4DD87 /* TestTwoUITests */ = {
			isa = PBXGroup;
			children = (
				9D8FADA526DA691D00D4DD87 /* TestTwoUITests.swift */,
				9D8FADA726DA691D00D4DD87 /* Info.plist */,
			);
			path = TestTwoUITests;
			sourceTree = "<group>";
		};
		A08F3E0C388CF94253A603B8 /* Frameworks */ = {
			isa = PBXGroup;
			children = (
				FF1DD19EDAE84B0AB3AB93CF /* Pods_TestTwo.framework */,
			);
			name = Frameworks;
			sourceTree = "<group>";
		};
/* End PBXGroup section */

/* Begin PBXNativeTarget section */
		9D8FAD7F26DA691400D4DD87 /* TestTwo */ = {
			isa = PBXNativeTarget;
			buildConfigurationList = 9D8FADAA26DA691D00D4DD87 /* Build configuration list for PBXNativeTarget "TestTwo" */;
			buildPhases = (
				75D239B8A05479F69B848EDC /* [CP] Check Pods Manifest.lock */,
				9D8FAD7C26DA691400D4DD87 /* Sources */,
				9D8FAD7D26DA691400D4DD87 /* Frameworks */,
				9D8FAD7E26DA691400D4DD87 /* Resources */,
				39C822A77DC042277C9122EA /* [CP] Embed Pods Frameworks */,
			);
			buildRules = (
			);
			dependencies = (
			);
			name = TestTwo;
			productName = TestTwo;
			productReference = 9D8FAD8026DA691400D4DD87 /* TestTwo.app */;
			productType = "com.apple.product-type.application";
		};
		9D8FAD9526DA691D00D4DD87 /* TestTwoTests */ = {
			isa = PBXNativeTarget;
			buildConfigurationList = 9D8FADAD26DA691D00D4DD87 /* Build configuration list for PBXNativeTarget "TestTwoTests" */;
			buildPhases = (
				9D8FAD9226DA691D00D4DD87 /* Sources */,
				9D8FAD9326DA691D00D4DD87 /* Frameworks */,
				9D8FAD9426DA691D00D4DD87 /* Resources */,
			);
			buildRules = (
			);
			dependencies = (
				9D8FAD9826DA691D00D4DD87 /* PBXTargetDependency */,
			);
			name = TestTwoTests;
			productName = TestTwoTests;
			productReference = 9D8FAD9626DA691D00D4DD87 /* TestTwoTests.xctest */;
			productType = "com.apple.product-type.bundle.unit-test";
		};
		9D8FADA026DA691D00D4DD87 /* TestTwoUITests */ = {
			isa = PBXNativeTarget;
			buildConfigurationList = 9D8FADB026DA691D00D4DD87 /* Build configuration list for PBXNativeTarget "TestTwoUITests" */;
			buildPhases = (
				9D8FAD9D26DA691D00D4DD87 /* Sources */,
				9D8FAD9E26DA691D00D4DD87 /* Frameworks */,
				9D8FAD9F26DA691D00D4DD87 /* Resources */,
			);
			buildRules = (
			);
			dependencies = (
				9D8FADA326DA691D00D4DD87 /* PBXTargetDependency */,
			);
			name = TestTwoUITests;
			productName = TestTwoUITests;
			productReference = 9D8FADA126DA691D00D4DD87 /* TestTwoUITests.xctest */;
			productType = "com.apple.product-type.bundle.ui-testing";
		};
/* End PBXNativeTarget section */

/* Begin PBXProject section */
		9D8FAD7826DA691400D4DD87 /* Project object */ = {
			isa = PBXProject;
			attributes = {
				LastSwiftUpdateCheck = 1250;
				LastUpgradeCheck = 1250;
				TargetAttributes = {
					9D8FAD7F26DA691400D4DD87 = {
						CreatedOnToolsVersion = 12.5;
					};
					9D8FAD9526DA691D00D4DD87 = {
						CreatedOnToolsVersion = 12.5;
						TestTargetID = 9D8FAD7F26DA691400D4DD87;
					};
					9D8FADA026DA691D00D4DD87 = {
						CreatedOnToolsVersion = 12.5;
						TestTargetID = 9D8FAD7F26DA691400D4DD87;
					};
				};
			};
			buildConfigurationList = 9D8FAD7B26DA691400D4DD87 /* Build configuration list for PBXProject "TestTwo" */;
			compatibilityVersion = "Xcode 9.3";
			developmentRegion = en;
			hasScannedForEncodings = 0;
			knownRegions = (
				en,
				Base,
			);
			mainGroup = 9D8FAD7726DA691300D4DD87;
			productRefGroup = 9D8FAD8126DA691400D4DD87 /* Products */;
			projectDirPath = "";
			projectRoot = "";
			targets = (
				9D8FAD7F26DA691400D4DD87 /* TestTwo */,
				9D8FAD9526DA691D00D4DD87 /* TestTwoTests */,
				9D8FADA026DA691D00D4DD87 /* TestTwoUITests */,
			);
		};
/* End PBXProject section */

/* Begin PBXResourcesBuildPhase section */
		9D8FAD7E26DA691400D4DD87 /* Resources */ = {
			isa = PBXResourcesBuildPhase;
			buildActionMask = 2147483647;
			files = (
				9D8FAD9026DA691C00D4DD87 /* LaunchScreen.storyboard in Resources */,
				9D8FAD8D26DA691C00D4DD87 /* Assets.xcassets in Resources */,
			);
			runOnlyForDeploymentPostprocessing = 0;
		};
		9D8FAD9426DA691D00D4DD87 /* Resources */ = {
			isa = PBXResourcesBuildPhase;
			buildActionMask = 2147483647;
			files = (
			);
			runOnlyForDeploymentPostprocessing = 0;
		};
		9D8FAD9F26DA691D00D4DD87 /* Resources */ = {
			isa = PBXResourcesBuildPhase;
			buildActionMask = 2147483647;
			files = (
			);
			runOnlyForDeploymentPostprocessing = 0;
		};
/* End PBXResourcesBuildPhase section */

/* Begin PBXShellScriptBuildPhase section */
		39C822A77DC042277C9122EA /* [CP] Embed Pods Frameworks */ = {
			isa = PBXShellScriptBuildPhase;
			buildActionMask = 2147483647;
			files = (
			);
			inputFileListPaths = (
				"${PODS_ROOT}/Target Support Files/Pods-TestTwo/Pods-TestTwo-frameworks-${CONFIGURATION}-input-files.xcfilelist",
			);
			name = "[CP] Embed Pods Frameworks";
			outputFileListPaths = (
				"${PODS_ROOT}/Target Support Files/Pods-TestTwo/Pods-TestTwo-frameworks-${CONFIGURATION}-output-files.xcfilelist",
			);
			runOnlyForDeploymentPostprocessing = 0;
			shellPath = /bin/sh;
			shellScript = "\"${PODS_ROOT}/Target Support Files/Pods-TestTwo/Pods-TestTwo-frameworks.sh\"\n";
			showEnvVarsInLog = 0;
		};
		75D239B8A05479F69B848EDC /* [CP] Check Pods Manifest.lock */ = {
			isa = PBXShellScriptBuildPhase;
			buildActionMask = 2147483647;
			files = (
			);
			inputFileListPaths = (
			);
			inputPaths = (
				"${PODS_PODFILE_DIR_PATH}/Podfile.lock",
				"${PODS_ROOT}/Manifest.lock",
			);
			name = "[CP] Check Pods Manifest.lock";
			outputFileListPaths = (
			);
			outputPaths = (
				"$(DERIVED_FILE_DIR)/Pods-TestTwo-checkManifestLockResult.txt",
			);
			runOnlyForDeploymentPostprocessing = 0;
			shellPath = /bin/sh;
			shellScript = "diff \"${PODS_PODFILE_DIR_PATH}/Podfile.lock\" \"${PODS_ROOT}/Manifest.lock\" > /dev/null\nif [ $? != 0 ] ; then\n    # print error to STDERR\n    echo \"error: The sandbox is not in sync with the Podfile.lock. Run 'pod install' or update your CocoaPods installation.\" >&2\n    exit 1\nfi\n# This output is used by Xcode 'outputs' to avoid re-running this script phase.\necho \"SUCCESS\" > \"${SCRIPT_OUTPUT_FILE_0}\"\n";
			showEnvVarsInLog = 0;
		};
/* End PBXShellScriptBuildPhase section */

/* Begin PBXSourcesBuildPhase section */
		9D8FAD7C26DA691400D4DD87 /* Sources */ = {
			isa = PBXSourcesBuildPhase;
			buildActionMask = 2147483647;
			files = (
				9D79CA4026E50B1100E3729C /* HomeViewController.swift in Sources */,
				8899E37626DCB18D00CB0168 /* NetworkManager.swift in Sources */,
				9D79CA2C26E4AB4C00E3729C /* PullToRefresh.swift in Sources */,
				8899E36A26DC809700CB0168 /* BaseTabbarViewController.swift in Sources */,
				8899E36C26DC83BD00CB0168 /* BaseNavigationViewController.swift in Sources */,
				9D8FAD8826DA691400D4DD87 /* ViewController.swift in Sources */,
				9D79CA3326E4AB4C00E3729C /* ElasticRefreshControl.swift in Sources */,
				8899E36E26DC83DC00CB0168 /* BasePageViewController.swift in Sources */,
				8899E37026DC859F00CB0168 /* OrdersStatusViewController.swift in Sources */,
				9D79CA3B26E4C45300E3729C /* UIColor+Hue.swift in Sources */,
				9D79CA2F26E4AB4C00E3729C /* Header.swift in Sources */,
				9D79CA2E26E4AB4C00E3729C /* Availability.swift in Sources */,
				9D8FADBF26DFBFEA00D4DD87 /* DataToModelTool.swift in Sources */,
				9D79CA2D26E4AB4C00E3729C /* Footer.swift in Sources */,
				88A80D3726E5EA5F00942AC8 /* NetworkConstConfig.swift in Sources */,
				9D79CA3026E4AB4C00E3729C /* Right.swift in Sources */,
				8899E37A26DCB1B600CB0168 /* APIProvider.swift in Sources */,
				8899E37E26DDCA6100CB0168 /* YSBAPIProvider.swift in Sources */,
				9D79CA3426E4AB4C00E3729C /* Left.swift in Sources */,
				9D79CA3C26E4C45300E3729C /* UIImage+Hue.swift in Sources */,
				8899E37226DC95CA00CB0168 /* BaseViewController.swift in Sources */,
				9D8FADBD26DFBC8B00D4DD87 /* BaseJsonToObjectTool.swift in Sources */,
				9D79CA3126E4AB4C00E3729C /* Utils.swift in Sources */,
				9D79CA3226E4AB4C00E3729C /* ElasticRefreshHeader.swift in Sources */,
				88A80D3A26E5F4C700942AC8 /* LoginViewController.swift in Sources */,
				9D8FAD8426DA691400D4DD87 /* AppDelegate.swift in Sources */,
			);
			runOnlyForDeploymentPostprocessing = 0;
		};
		9D8FAD9226DA691D00D4DD87 /* Sources */ = {
			isa = PBXSourcesBuildPhase;
			buildActionMask = 2147483647;
			files = (
				9D8FAD9B26DA691D00D4DD87 /* TestTwoTests.swift in Sources */,
			);
			runOnlyForDeploymentPostprocessing = 0;
		};
		9D8FAD9D26DA691D00D4DD87 /* Sources */ = {
			isa = PBXSourcesBuildPhase;
			buildActionMask = 2147483647;
			files = (
				9D8FADA626DA691D00D4DD87 /* TestTwoUITests.swift in Sources */,
			);
			runOnlyForDeploymentPostprocessing = 0;
		};
/* End PBXSourcesBuildPhase section */

/* Begin PBXTargetDependency section */
		9D8FAD9826DA691D00D4DD87 /* PBXTargetDependency */ = {
			isa = PBXTargetDependency;
			target = 9D8FAD7F26DA691400D4DD87 /* TestTwo */;
			targetProxy = 9D8FAD9726DA691D00D4DD87 /* PBXContainerItemProxy */;
		};
		9D8FADA326DA691D00D4DD87 /* PBXTargetDependency */ = {
			isa = PBXTargetDependency;
			target = 9D8FAD7F26DA691400D4DD87 /* TestTwo */;
			targetProxy = 9D8FADA226DA691D00D4DD87 /* PBXContainerItemProxy */;
		};
/* End PBXTargetDependency section */

/* Begin PBXVariantGroup section */
		9D8FAD8E26DA691C00D4DD87 /* LaunchScreen.storyboard */ = {
			isa = PBXVariantGroup;
			children = (
				9D8FAD8F26DA691C00D4DD87 /* Base */,
			);
			name = LaunchScreen.storyboard;
			sourceTree = "<group>";
		};
/* End PBXVariantGroup section */

/* Begin XCBuildConfiguration section */
		9D8FADA826DA691D00D4DD87 /* Debug */ = {
			isa = XCBuildConfiguration;
			buildSettings = {
				ALWAYS_SEARCH_USER_PATHS = NO;
				CLANG_ANALYZER_NONNULL = YES;
				CLANG_ANALYZER_NUMBER_OBJECT_CONVERSION = YES_AGGRESSIVE;
				CLANG_CXX_LANGUAGE_STANDARD = "gnu++14";
				CLANG_CXX_LIBRARY = "libc++";
				CLANG_ENABLE_MODULES = YES;
				CLANG_ENABLE_OBJC_ARC = YES;
				CLANG_ENABLE_OBJC_WEAK = YES;
				CLANG_WARN_BLOCK_CAPTURE_AUTORELEASING = YES;
				CLANG_WARN_BOOL_CONVERSION = YES;
				CLANG_WARN_COMMA = YES;
				CLANG_WARN_CONSTANT_CONVERSION = YES;
				CLANG_WARN_DEPRECATED_OBJC_IMPLEMENTATIONS = YES;
				CLANG_WARN_DIRECT_OBJC_ISA_USAGE = YES_ERROR;
				CLANG_WARN_DOCUMENTATION_COMMENTS = YES;
				CLANG_WARN_EMPTY_BODY = YES;
				CLANG_WARN_ENUM_CONVERSION = YES;
				CLANG_WARN_INFINITE_RECURSION = YES;
				CLANG_WARN_INT_CONVERSION = YES;
				CLANG_WARN_NON_LITERAL_NULL_CONVERSION = YES;
				CLANG_WARN_OBJC_IMPLICIT_RETAIN_SELF = YES;
				CLANG_WARN_OBJC_LITERAL_CONVERSION = YES;
				CLANG_WARN_OBJC_ROOT_CLASS = YES_ERROR;
				CLANG_WARN_QUOTED_INCLUDE_IN_FRAMEWORK_HEADER = YES;
				CLANG_WARN_RANGE_LOOP_ANALYSIS = YES;
				CLANG_WARN_STRICT_PROTOTYPES = YES;
				CLANG_WARN_SUSPICIOUS_MOVE = YES;
				CLANG_WARN_UNGUARDED_AVAILABILITY = YES_AGGRESSIVE;
				CLANG_WARN_UNREACHABLE_CODE = YES;
				CLANG_WARN__DUPLICATE_METHOD_MATCH = YES;
				COPY_PHASE_STRIP = NO;
				DEBUG_INFORMATION_FORMAT = dwarf;
				ENABLE_STRICT_OBJC_MSGSEND = YES;
				ENABLE_TESTABILITY = YES;
				GCC_C_LANGUAGE_STANDARD = gnu11;
				GCC_DYNAMIC_NO_PIC = NO;
				GCC_NO_COMMON_BLOCKS = YES;
				GCC_OPTIMIZATION_LEVEL = 0;
				GCC_PREPROCESSOR_DEFINITIONS = (
					"DEBUG=1",
					"$(inherited)",
				);
				GCC_WARN_64_TO_32_BIT_CONVERSION = YES;
				GCC_WARN_ABOUT_RETURN_TYPE = YES_ERROR;
				GCC_WARN_UNDECLARED_SELECTOR = YES;
				GCC_WARN_UNINITIALIZED_AUTOS = YES_AGGRESSIVE;
				GCC_WARN_UNUSED_FUNCTION = YES;
				GCC_WARN_UNUSED_VARIABLE = YES;
				IPHONEOS_DEPLOYMENT_TARGET = 11.0;
				MTL_ENABLE_DEBUG_INFO = INCLUDE_SOURCE;
				MTL_FAST_MATH = YES;
				ONLY_ACTIVE_ARCH = YES;
				SDKROOT = iphoneos;
				SWIFT_ACTIVE_COMPILATION_CONDITIONS = DEBUG;
				SWIFT_OPTIMIZATION_LEVEL = "-Onone";
			};
			name = Debug;
		};
		9D8FADA926DA691D00D4DD87 /* Release */ = {
			isa = XCBuildConfiguration;
			buildSettings = {
				ALWAYS_SEARCH_USER_PATHS = NO;
				CLANG_ANALYZER_NONNULL = YES;
				CLANG_ANALYZER_NUMBER_OBJECT_CONVERSION = YES_AGGRESSIVE;
				CLANG_CXX_LANGUAGE_STANDARD = "gnu++14";
				CLANG_CXX_LIBRARY = "libc++";
				CLANG_ENABLE_MODULES = YES;
				CLANG_ENABLE_OBJC_ARC = YES;
				CLANG_ENABLE_OBJC_WEAK = YES;
				CLANG_WARN_BLOCK_CAPTURE_AUTORELEASING = YES;
				CLANG_WARN_BOOL_CONVERSION = YES;
				CLANG_WARN_COMMA = YES;
				CLANG_WARN_CONSTANT_CONVERSION = YES;
				CLANG_WARN_DEPRECATED_OBJC_IMPLEMENTATIONS = YES;
				CLANG_WARN_DIRECT_OBJC_ISA_USAGE = YES_ERROR;
				CLANG_WARN_DOCUMENTATION_COMMENTS = YES;
				CLANG_WARN_EMPTY_BODY = YES;
				CLANG_WARN_ENUM_CONVERSION = YES;
				CLANG_WARN_INFINITE_RECURSION = YES;
				CLANG_WARN_INT_CONVERSION = YES;
				CLANG_WARN_NON_LITERAL_NULL_CONVERSION = YES;
				CLANG_WARN_OBJC_IMPLICIT_RETAIN_SELF = YES;
				CLANG_WARN_OBJC_LITERAL_CONVERSION = YES;
				CLANG_WARN_OBJC_ROOT_CLASS = YES_ERROR;
				CLANG_WARN_QUOTED_INCLUDE_IN_FRAMEWORK_HEADER = YES;
				CLANG_WARN_RANGE_LOOP_ANALYSIS = YES;
				CLANG_WARN_STRICT_PROTOTYPES = YES;
				CLANG_WARN_SUSPICIOUS_MOVE = YES;
				CLANG_WARN_UNGUARDED_AVAILABILITY = YES_AGGRESSIVE;
				CLANG_WARN_UNREACHABLE_CODE = YES;
				CLANG_WARN__DUPLICATE_METHOD_MATCH = YES;
				COPY_PHASE_STRIP = NO;
				DEBUG_INFORMATION_FORMAT = "dwarf-with-dsym";
				ENABLE_NS_ASSERTIONS = NO;
				ENABLE_STRICT_OBJC_MSGSEND = YES;
				GCC_C_LANGUAGE_STANDARD = gnu11;
				GCC_NO_COMMON_BLOCKS = YES;
				GCC_WARN_64_TO_32_BIT_CONVERSION = YES;
				GCC_WARN_ABOUT_RETURN_TYPE = YES_ERROR;
				GCC_WARN_UNDECLARED_SELECTOR = YES;
				GCC_WARN_UNINITIALIZED_AUTOS = YES_AGGRESSIVE;
				GCC_WARN_UNUSED_FUNCTION = YES;
				GCC_WARN_UNUSED_VARIABLE = YES;
				IPHONEOS_DEPLOYMENT_TARGET = 11.0;
				MTL_ENABLE_DEBUG_INFO = NO;
				MTL_FAST_MATH = YES;
				SDKROOT = iphoneos;
				SWIFT_COMPILATION_MODE = wholemodule;
				SWIFT_OPTIMIZATION_LEVEL = "-O";
				VALIDATE_PRODUCT = YES;
			};
			name = Release;
		};
		9D8FADAB26DA691D00D4DD87 /* Debug */ = {
			isa = XCBuildConfiguration;
			baseConfigurationReference = A177F310387809869E043834 /* Pods-TestTwo.debug.xcconfig */;
			buildSettings = {
				ASSETCATALOG_COMPILER_APPICON_NAME = AppIcon;
				ASSETCATALOG_COMPILER_GLOBAL_ACCENT_COLOR_NAME = AccentColor;
				CODE_SIGN_STYLE = Automatic;
				DEVELOPMENT_TEAM = D8965R53VV;
				INFOPLIST_FILE = TestTwo/Info.plist;
				IPHONEOS_DEPLOYMENT_TARGET = 11.0;
				LD_RUNPATH_SEARCH_PATHS = (
					"$(inherited)",
					"@executable_path/Frameworks",
				);
				MARKETING_VERSION = 2.0;
				PRODUCT_BUNDLE_IDENTIFIER = com.yaoshibang.SpectrumBD;
				PRODUCT_NAME = "$(TARGET_NAME)";
				SWIFT_VERSION = 5.0;
				TARGETED_DEVICE_FAMILY = "1,2";
			};
			name = Debug;
		};
		9D8FADAC26DA691D00D4DD87 /* Release */ = {
			isa = XCBuildConfiguration;
			baseConfigurationReference = F88093EB93B1D35ACB9C1AF0 /* Pods-TestTwo.release.xcconfig */;
			buildSettings = {
				ASSETCATALOG_COMPILER_APPICON_NAME = AppIcon;
				ASSETCATALOG_COMPILER_GLOBAL_ACCENT_COLOR_NAME = AccentColor;
				CODE_SIGN_STYLE = Automatic;
				DEVELOPMENT_TEAM = D8965R53VV;
				INFOPLIST_FILE = TestTwo/Info.plist;
				IPHONEOS_DEPLOYMENT_TARGET = 11.0;
				LD_RUNPATH_SEARCH_PATHS = (
					"$(inherited)",
					"@executable_path/Frameworks",
				);
				MARKETING_VERSION = 2.0;
				PRODUCT_BUNDLE_IDENTIFIER = com.yaoshibang.SpectrumBD;
				PRODUCT_NAME = "$(TARGET_NAME)";
				SWIFT_VERSION = 5.0;
				TARGETED_DEVICE_FAMILY = "1,2";
			};
			name = Release;
		};
		9D8FADAE26DA691D00D4DD87 /* Debug */ = {
			isa = XCBuildConfiguration;
			buildSettings = {
				ALWAYS_EMBED_SWIFT_STANDARD_LIBRARIES = YES;
				BUNDLE_LOADER = "$(TEST_HOST)";
				CODE_SIGN_STYLE = Automatic;
				INFOPLIST_FILE = TestTwoTests/Info.plist;
				IPHONEOS_DEPLOYMENT_TARGET = 14.5;
				LD_RUNPATH_SEARCH_PATHS = (
					"$(inherited)",
					"@executable_path/Frameworks",
					"@loader_path/Frameworks",
				);
				PRODUCT_BUNDLE_IDENTIFIER = com.lichao.TestTwoTests;
				PRODUCT_NAME = "$(TARGET_NAME)";
				SWIFT_VERSION = 5.0;
				TARGETED_DEVICE_FAMILY = "1,2";
				TEST_HOST = "$(BUILT_PRODUCTS_DIR)/TestTwo.app/TestTwo";
			};
			name = Debug;
		};
		9D8FADAF26DA691D00D4DD87 /* Release */ = {
			isa = XCBuildConfiguration;
			buildSettings = {
				ALWAYS_EMBED_SWIFT_STANDARD_LIBRARIES = YES;
				BUNDLE_LOADER = "$(TEST_HOST)";
				CODE_SIGN_STYLE = Automatic;
				INFOPLIST_FILE = TestTwoTests/Info.plist;
				IPHONEOS_DEPLOYMENT_TARGET = 14.5;
				LD_RUNPATH_SEARCH_PATHS = (
					"$(inherited)",
					"@executable_path/Frameworks",
					"@loader_path/Frameworks",
				);
				PRODUCT_BUNDLE_IDENTIFIER = com.lichao.TestTwoTests;
				PRODUCT_NAME = "$(TARGET_NAME)";
				SWIFT_VERSION = 5.0;
				TARGETED_DEVICE_FAMILY = "1,2";
				TEST_HOST = "$(BUILT_PRODUCTS_DIR)/TestTwo.app/TestTwo";
			};
			name = Release;
		};
		9D8FADB126DA691D00D4DD87 /* Debug */ = {
			isa = XCBuildConfiguration;
			buildSettings = {
				ALWAYS_EMBED_SWIFT_STANDARD_LIBRARIES = YES;
				CODE_SIGN_STYLE = Automatic;
				INFOPLIST_FILE = TestTwoUITests/Info.plist;
				LD_RUNPATH_SEARCH_PATHS = (
					"$(inherited)",
					"@executable_path/Frameworks",
					"@loader_path/Frameworks",
				);
				PRODUCT_BUNDLE_IDENTIFIER = com.lichao.TestTwoUITests;
				PRODUCT_NAME = "$(TARGET_NAME)";
				SWIFT_VERSION = 5.0;
				TARGETED_DEVICE_FAMILY = "1,2";
				TEST_TARGET_NAME = TestTwo;
			};
			name = Debug;
		};
		9D8FADB226DA691D00D4DD87 /* Release */ = {
			isa = XCBuildConfiguration;
			buildSettings = {
				ALWAYS_EMBED_SWIFT_STANDARD_LIBRARIES = YES;
				CODE_SIGN_STYLE = Automatic;
				INFOPLIST_FILE = TestTwoUITests/Info.plist;
				LD_RUNPATH_SEARCH_PATHS = (
					"$(inherited)",
					"@executable_path/Frameworks",
					"@loader_path/Frameworks",
				);
				PRODUCT_BUNDLE_IDENTIFIER = com.lichao.TestTwoUITests;
				PRODUCT_NAME = "$(TARGET_NAME)";
				SWIFT_VERSION = 5.0;
				TARGETED_DEVICE_FAMILY = "1,2";
				TEST_TARGET_NAME = TestTwo;
			};
			name = Release;
		};
/* End XCBuildConfiguration section */

/* Begin XCConfigurationList section */
		9D8FAD7B26DA691400D4DD87 /* Build configuration list for PBXProject "TestTwo" */ = {
			isa = XCConfigurationList;
			buildConfigurations = (
				9D8FADA826DA691D00D4DD87 /* Debug */,
				9D8FADA926DA691D00D4DD87 /* Release */,
			);
			defaultConfigurationIsVisible = 0;
			defaultConfigurationName = Release;
		};
		9D8FADAA26DA691D00D4DD87 /* Build configuration list for PBXNativeTarget "TestTwo" */ = {
			isa = XCConfigurationList;
			buildConfigurations = (
				9D8FADAB26DA691D00D4DD87 /* Debug */,
				9D8FADAC26DA691D00D4DD87 /* Release */,
			);
			defaultConfigurationIsVisible = 0;
			defaultConfigurationName = Release;
		};
		9D8FADAD26DA691D00D4DD87 /* Build configuration list for PBXNativeTarget "TestTwoTests" */ = {
			isa = XCConfigurationList;
			buildConfigurations = (
				9D8FADAE26DA691D00D4DD87 /* Debug */,
				9D8FADAF26DA691D00D4DD87 /* Release */,
			);
			defaultConfigurationIsVisible = 0;
			defaultConfigurationName = Release;
		};
		9D8FADB026DA691D00D4DD87 /* Build configuration list for PBXNativeTarget "TestTwoUITests" */ = {
			isa = XCConfigurationList;
			buildConfigurations = (
				9D8FADB126DA691D00D4DD87 /* Debug */,
				9D8FADB226DA691D00D4DD87 /* Release */,
			);
			defaultConfigurationIsVisible = 0;
			defaultConfigurationName = Release;
		};
/* End XCConfigurationList section */
	};
	rootObject = 9D8FAD7826DA691400D4DD87 /* Project object */;
}
